# Generated by pub
# See https://dart.dev/tools/pub/glossary#lockfile
packages:
  _fe_analyzer_shared:
    dependency: transitive
    description:
      name: _fe_analyzer_shared
      sha256: "5b7468c326d2f8a4f630056404ca0d291ade42918f4a3c6233618e724f39da8e"
      url: "https://pub.dev"
    source: hosted
    version: "92.0.0"
  analyzer:
    dependency: transitive
    description:
      name: analyzer
      sha256: "70e4b1ef8003c64793a9e268a551a82869a8a96f39deb73dea28084b0e8bf75e"
      url: "https://pub.dev"
    source: hosted
    version: "9.0.0"
  args:
    dependency: "direct main"
    description:
      name: args
      sha256: d0481093c50b1da8910eb0bb301626d4d8eb7284aa739614d2b394ee09e3ea04
      url: "https://pub.dev"
    source: hosted
    version: "2.7.0"
  async:
    dependency: transitive
    description:
      name: async
      sha256: "758e6d74e971c3e5aceb4110bfd6698efc7f501675bcfe0c775459a8140750eb"
      url: "https://pub.dev"
    source: hosted
    version: "2.13.0"
  boolean_selector:
    dependency: transitive
    description:
      name: boolean_selector
      sha256: "5bbf32bc9e518d41ec49718e2931cd4527292c9b0c6d2dffcf7fe6b9a8a8cf72"
      url: "https://pub.dev"
    source: hosted
    version: "2.1.0"
  cli_config:
    dependency: transitive
    description:
      name: cli_config
      sha256: ac20a183a07002b700f0c25e61b7ee46b23c309d76ab7b7640a028f18e4d99ec
      url: "https://pub.dev"
    source: hosted
    version: "0.2.0"
  collection:
    dependency: "direct main"
    description:
      name: collection
      sha256: "2f5709ae4d3d59dd8f7cd309b4e023046b57d8a6c82130785d2b0e5868084e76"
      url: "https://pub.dev"
    source: hosted
    version: "1.19.1"
  convert:
    dependency: transitive
    description:
      name: convert
      sha256: "196284f26f69444b7f5c50692b55ec25da86d9e500451dc09333bf2e3ad69259"
      url: "https://pub.dev"
    source: hosted
    version: "3.0.2"
  coverage:
    dependency: transitive
    description:
      name: coverage
      sha256: "5da775aa218eaf2151c721b16c01c7676fbfdd99cebba2bf64e8b807a28ff94d"
      url: "https://pub.dev"
    source: hosted
    version: "1.15.0"
  crypto:
    dependency: transitive
    description:
      name: crypto
      sha256: aa274aa7774f8964e4f4f38cc994db7b6158dd36e9187aaceaddc994b35c6c67
      url: "https://pub.dev"
    source: hosted
    version: "3.0.2"
  file:
    dependency: transitive
    description:
      name: file
      sha256: a3b4f84adafef897088c160faf7dfffb7696046cb13ae90b508c2cbc95d3b8d4
      url: "https://pub.dev"
    source: hosted
    version: "7.0.1"
  frontend_server_client:
    dependency: transitive
    description:
      name: frontend_server_client
      sha256: f64a0333a82f30b0cca061bc3d143813a486dc086b574bfb233b7c1372427694
      url: "https://pub.dev"
    source: hosted
    version: "4.0.0"
  glob:
    dependency: transitive
    description:
      name: glob
      sha256: c3f1ee72c96f8f78935e18aa8cecced9ab132419e8625dc187e1c2408efc20de
      url: "https://pub.dev"
    source: hosted
    version: "2.1.3"
  http_multi_server:
    dependency: transitive
    description:
      name: http_multi_server
      sha256: "97486f20f9c2f7be8f514851703d0119c3596d14ea63227af6f7a481ef2b2f8b"
      url: "https://pub.dev"
    source: hosted
    version: "3.2.1"
  http_parser:
    dependency: transitive
    description:
      name: http_parser
      sha256: db3060f22889f3d9d55f6a217565486737037eec3609f7f3eca4d0c67ee0d8a0
      url: "https://pub.dev"
    source: hosted
    version: "4.0.1"
  io:
    dependency: transitive
    description:
      name: io
      sha256: "0d4c73c3653ab85bf696d51a9657604c900a370549196a91f33e4c39af760852"
      url: "https://pub.dev"
    source: hosted
    version: "1.0.3"
  lints:
    dependency: "direct dev"
    description:
      name: lints
      sha256: "976c774dd944a42e83e2467f4cc670daef7eed6295b10b36ae8c85bcbf828235"
      url: "https://pub.dev"
    source: hosted
    version: "4.0.0"
  logging:
    dependency: transitive
    description:
      name: logging
      sha256: "293ae2d49fd79d4c04944c3a26dfd313382d5f52e821ec57119230ae16031ad4"
      url: "https://pub.dev"
    source: hosted
    version: "1.0.2"
  matcher:
    dependency: transitive
    description:
      name: matcher
      sha256: dc0b7dc7651697ea4ff3e69ef44b0407ea32c487a39fff6a4004fa585e901861
      url: "https://pub.dev"
    source: hosted
    version: "0.12.19"
  meta:
    dependency: transitive
    description:
      name: meta
      sha256: "9f29b9bcc8ee287b1a31e0d01be0eae99a930dbffdaecf04b3f3d82a969f296f"
      url: "https://pub.dev"
    source: hosted
    version: "1.18.1"
  mime:
    dependency: transitive
    description:
      name: mime
      sha256: dab22e92b41aa1255ea90ddc4bc2feaf35544fd0728e209638cad041a6e3928a
      url: "https://pub.dev"
    source: hosted
    version: "1.0.2"
  node_preamble:
    dependency: transitive
    description:
      name: node_preamble
      sha256: "8ebdbaa3b96d5285d068f80772390d27c21e1fa10fb2df6627b1b9415043608d"
      url: "https://pub.dev"
    source: hosted
    version: "2.0.1"
  package_config:
    dependency: transitive
    description:
      name: package_config
      sha256: "1c5b77ccc91e4823a5af61ee74e6b972db1ef98c2ff5a18d3161c982a55448bd"
      url: "https://pub.dev"
    source: hosted
    version: "2.1.0"
  path:
    dependency: "direct main"
    description:
      name: path
      sha256: "75cca69d1490965be98c73ceaea117e8a04dd21217b37b292c9ddbec0d955bc5"
      url: "https://pub.dev"
    source: hosted
    version: "1.9.1"
  pool:
    dependency: transitive
    description:
      name: pool
      sha256: "20fe868b6314b322ea036ba325e6fc0711a22948856475e2c2b6306e8ab39c2a"
      url: "https://pub.dev"
    source: hosted
    version: "1.5.1"
  pub_semver:
    dependency: transitive
    description:
      name: pub_semver
      sha256: "5bfcf68ca79ef689f8990d1160781b4bad40a3bd5e5218ad4076ddb7f4081585"
      url: "https://pub.dev"
    source: hosted
    version: "2.2.0"
  shelf:
    dependency: transitive
    description:
      name: shelf
      sha256: "8ec607599dd0a78931a5114cdac7d609b6dbbf479a38acc9a6dba024b2a30ea0"
      url: "https://pub.dev"
    source: hosted
    version: "1.3.2"
  shelf_packages_handler:
    dependency: transitive
    description:
      name: shelf_packages_handler
      sha256: aef74dc9195746a384843102142ab65b6a4735bb3beea791e63527b88cc83306
      url: "https://pub.dev"
    source: hosted
    version: "3.0.1"
  shelf_static:
    dependency: transitive
    description:
      name: shelf_static
      sha256: e792b76b96a36d4a41b819da593aff4bdd413576b3ba6150df5d8d9996d2e74c
      url: "https://pub.dev"
    source: hosted
    version: "1.1.1"
  shelf_web_socket:
    dependency: transitive
    description:
      name: shelf_web_socket
      sha256: "6db16374bc3497d21aa0eebe674d3db9fdf82082aac0f04dc7b44e4af5b08afc"
      url: "https://pub.dev"
    source: hosted
    version: "1.0.2"
  source_map_stack_trace:
    dependency: transitive
    description:
      name: source_map_stack_trace
      sha256: "8c463326277f68a628abab20580047b419c2ff66756fd0affd451f73f9508c11"
      url: "https://pub.dev"
    source: hosted
    version: "2.1.0"
  source_maps:
    dependency: transitive
    description:
      name: source_maps
      sha256: "52de2200bb098de739794c82d09c41ac27b2e42fd7e23cce7b9c74bf653c7296"
      url: "https://pub.dev"
    source: hosted
    version: "0.10.10"
  source_span:
    dependency: transitive
    description:
      name: source_span
      sha256: dd904f795d4b4f3b870833847c461801f6750a9fa8e61ea5ac53f9422b31f250
      url: "https://pub.dev"
    source: hosted
    version: "1.9.1"
  stack_trace:
    dependency: transitive
    description:
      name: stack_trace
      sha256: f8d9f247e2f9f90e32d1495ff32dac7e4ae34ffa7194c5ff8fcc0fd0e52df774
      url: "https://pub.dev"
    source: hosted
    version: "1.10.0"
  stream_channel:
    dependency: transitive
    description:
      name: stream_channel
      sha256: db47e4797198ee601990820437179bb90219f918962318d494ada2b4b11e6f6d
      url: "https://pub.dev"
    source: hosted
    version: "2.1.0"
  string_scanner:
    dependency: transitive
    description:
      name: string_scanner
      sha256: "921cd31725b72fe181906c6a94d987c78e3b98c2e205b397ea399d4054872b43"
      url: "https://pub.dev"
    source: hosted
    version: "1.4.1"
  term_glyph:
    dependency: transitive
    description:
      name: term_glyph
      sha256: a29248a84fbb7c79282b40b8c72a1209db169a2e0542bce341da992fe1bc7e84
      url: "https://pub.dev"
    source: hosted
    version: "1.2.1"
  test:
    dependency: "direct dev"
    description:
      name: test
      sha256: "280d6d890011ca966ad08df7e8a4ddfab0fb3aa49f96ed6de56e3521347a9ae7"
      url: "https://pub.dev"
    source: hosted
    version: "1.30.0"
  test_api:
    dependency: transitive
    description:
      name: test_api
      sha256: "8161c84903fd860b26bfdefb7963b3f0b68fee7adea0f59ef805ecca346f0c7a"
      url: "https://pub.dev"
    source: hosted
    version: "0.7.10"
  test_core:
    dependency: transitive
    description:
      name: test_core
      sha256: "0381bd1585d1a924763c308100f2138205252fb90c9d4eeaf28489ee65ccde51"
      url: "https://pub.dev"
    source: hosted
    version: "0.6.16"
  typed_data:
    dependency: transitive
    description:
      name: typed_data
      sha256: "26f87ade979c47a150c9eaab93ccd2bebe70a27dc0b4b29517f2904f04eb11a5"
      url: "https://pub.dev"
    source: hosted
    version: "1.3.1"
  vm_service:
    dependency: transitive
    description:
      name: vm_service
      sha256: "45caa6c5917fa127b5dbcfbd1fa60b14e583afdc08bfc96dda38886ca252eb60"
      url: "https://pub.dev"
    source: hosted
    version: "15.0.2"
  watcher:
    dependency: transitive
    description:
      name: watcher
      sha256: "1398c9f081a753f9226febe8900fce8f7d0a67163334e1c94a2438339d79d635"
      url: "https://pub.dev"
    source: hosted
    version: "1.2.1"
  web_socket_channel:
    dependency: transitive
    description:
      name: web_socket_channel
      sha256: "3a969ddcc204a3e34e863d204b29c0752716f78b6f9cc8235083208d268a4ccd"
      url: "https://pub.dev"
    source: hosted
    version: "2.2.0"
  webkit_inspection_protocol:
    dependency: transitive
    description:
      name: webkit_inspection_protocol
      sha256: f66577ed748712574b076e48a300aa3d8bc7aba93e83490c679707187e135ee4
      url: "https://pub.dev"
    source: hosted
    version: "1.1.0"
  yaml:
    dependency: transitive
    description:
      name: yaml
      sha256: b9da305ac7c39faa3f030eccd175340f968459dae4af175130b3fc47e40d76ce
      url: "https://pub.dev"
    source: hosted
    version: "3.1.3"
sdks:
  dart: ">=3.9.0 <4.0.0"
